<?xml version="1.0" encoding="utf-8"?>
<Project ToolsVersion="4.0" xmlns="http://schemas.microsoft.com/developer/msbuild/2003">
  <ItemGroup>
    <Filter Include="Source Files">
      <UniqueIdentifier>{4FC737F1-C7A5-4376-A066-2A32D752A2FF}</UniqueIdentifier>
      <Extensions>cpp;c;cc;cxx;def;odl;idl;hpj;bat;asm;asmx</Extensions>
    </Filter>
    <Filter Include="Form Files">
      <UniqueIdentifier>{99349809-55BA-4b9d-BF79-8FDBB0286EB3}</UniqueIdentifier>
      <Extensions>ui</Extensions>
    </Filter>
    <Filter Include="Resource Files">
      <UniqueIdentifier>{D9D6E242-F8AF-46E4-B9FD-80ECBC20BA3E}</UniqueIdentifier>
      <Extensions>qrc;*</Extensions>
      <ParseFiles>false</ParseFiles>
    </Filter>
    <Filter Include="Qt Header Files">
      <UniqueIdentifier>{93995380-89BD-4b04-88EB-625FBE52EBFB}</UniqueIdentifier>
      <Extensions>h;hh;hpp;hxx;hm;inl;inc;xsd</Extensions>
    </Filter>
    <Filter Include="Qt Resource Files">
      <UniqueIdentifier>{D9D6E242-F8AF-46E4-B9FD-80ECBC20BA3E}</UniqueIdentifier>
      <Extensions>qrc;*</Extensions>
      <ParseFiles>false</ParseFiles>
    </Filter>
    <Filter Include="Lab Files">
      <UniqueIdentifier>{7e60a625-5ad3-45d6-9f40-7d9fe8f18948}</UniqueIdentifier>
    </Filter>
    <Filter Include="Function sources">
      <UniqueIdentifier>{0d3f0593-4f63-43da-8ce3-902c4f5a24e6}</UniqueIdentifier>
    </Filter>
    <Filter Include="Function headers">
      <UniqueIdentifier>{9046883c-5503-48d1-836f-3e389335b18c}</UniqueIdentifier>
    </Filter>
  </ItemGroup>
  <ItemGroup>
    <ClCompile Include="main.cpp">
      <Filter>Source Files</Filter>
    </ClCompile>
    <ClCompile Include="kwad.cpp">
      <Filter>Lab Files</Filter>
    </ClCompile>
    <ClCompile Include="labFiles.cpp">
      <Filter>Source Files</Filter>
    </ClCompile>
    <ClCompile Include="Laboratory.cpp">
      <Filter>Qt Resource Files</Filter>
    </ClCompile>
    <ClCompile Include="EX2W.cpp">
      <Filter>Qt Resource Files</Filter>
    </ClCompile>
    <ClCompile Include="Exercise2Widget.cpp">
      <Filter>Qt Resource Files</Filter>
    </ClCompile>
    <ClCompile Include="Exercise2.cpp">
      <Filter>Function sources</Filter>
    </ClCompile>
    <ClCompile Include="DebugDialog.cpp">
      <Filter>Qt Resource Files</Filter>
    </ClCompile>
  </ItemGroup>
  <ItemGroup>
    <QtMoc Include="Laboratory.h">
      <Filter>Qt Header Files</Filter>
    </QtMoc>
    <QtMoc Include="Exercise2Widget.h">
      <Filter>Qt Header Files</Filter>
    </QtMoc>
    <QtMoc Include="EX2W.h">
      <Filter>Qt Header Files</Filter>
    </QtMoc>
    <QtMoc Include="DebugDialog.h">
      <Filter>Qt Header Files</Filter>
    </QtMoc>
  </ItemGroup>
  <ItemGroup>
    <QtUic Include="Laboratory.ui">
      <Filter>Form Files</Filter>
    </QtUic>
    <QtUic Include="EX2W.ui">
      <Filter>Form Files</Filter>
    </QtUic>
  </ItemGroup>
  <ItemGroup>
    <QtRcc Include="Laboratory.qrc">
      <Filter>Qt Resource Files</Filter>
    </QtRcc>
  </ItemGroup>
  <ItemGroup>
    <ClInclude Include="kwad.h">
      <Filter>Lab Files</Filter>
    </ClInclude>
    <ClInclude Include="labFiles.h">
      <Filter>Qt Header Files</Filter>
    </ClInclude>
    <ClInclude Include="Exercise2.h">
      <Filter>Function headers</Filter>
    </ClInclude>
  </ItemGroup>
</Project>